
Microsoft Visual Studio Solution File, Format Version 12.00
# Visual Studio Version 17
VisualStudioVersion = 17.1.32228.430
MinimumVisualStudioVersion = 10.0.40219.1
Project("{FAE04EC0-301F-11D3-BF4B-00C04F79EFBC}") = "Ejercicio01_B.Android", "Ejercicio01_B\Ejercicio01_B.Android\Ejercicio01_B.Android.csproj", "{7BCB89EA-ABCB-4807-BA40-343C91AF0D38}"
EndProject
Project("{FAE04EC0-301F-11D3-BF4B-00C04F79EFBC}") = "Ejercicio01_B.iOS", "Ejercicio01_B\Ejercicio01_B.iOS\Ejercicio01_B.iOS.csproj", "{87973AAA-A7DA-4B96-B992-E8DEE7E96B1B}"
EndProject
Project("{FAE04EC0-301F-11D3-BF4B-00C04F79EFBC}") = "Ejercicio01_B", "Ejercicio01_B\Ejercicio01_B\Ejercicio01_B.csproj", "{D49D48DF-56F3-44D9-A3A8-81D920D81057}"
EndProject
Global
	GlobalSection(SolutionConfigurationPlatforms) = preSolution
		Debug|Any CPU = Debug|Any CPU
		Debug|iPhone = Debug|iPhone
		Debug|iPhoneSimulator = Debug|iPhoneSimulator
		Release|Any CPU = Release|Any CPU
		Release|iPhone = Release|iPhone
		Release|iPhoneSimulator = Release|iPhoneSimulator
	EndGlobalSection
	GlobalSection(ProjectConfigurationPlatforms) = postSolution
		{7BCB89EA-ABCB-4807-BA40-343C91AF0D38}.Debug|Any CPU.ActiveCfg = Debug|Any CPU
		{7BCB89EA-ABCB-4807-BA40-343C91AF0D38}.Debug|Any CPU.Build.0 = Debug|Any CPU
		{7BCB89EA-ABCB-4807-BA40-343C91AF0D38}.Debug|Any CPU.Deploy.0 = Debug|Any CPU
		{7BCB89EA-ABCB-4807-BA40-343C91AF0D38}.Debug|iPhone.ActiveCfg = Debug|Any CPU
		{7BCB89EA-ABCB-4807-BA40-343C91AF0D38}.Debug|iPhone.Build.0 = Debug|Any CPU
		{7BCB89EA-ABCB-4807-BA40-343C91AF0D38}.Debug|iPhone.Deploy.0 = Debug|Any CPU
		{7BCB89EA-ABCB-4807-BA40-343C91AF0D38}.Debug|iPhoneSimulator.ActiveCfg = Debug|Any CPU
		{7BCB89EA-ABCB-4807-BA40-343C91AF0D38}.Debug|iPhoneSimulator.Build.0 = Debug|Any CPU
		{7BCB89EA-ABCB-4807-BA40-343C91AF0D38}.Debug|iPhoneSimulator.Deploy.0 = Debug|Any CPU
		{7BCB89EA-ABCB-4807-BA40-343C91AF0D38}.Release|Any CPU.ActiveCfg = Release|Any CPU
		{7BCB89EA-ABCB-4807-BA40-343C91AF0D38}.Release|Any CPU.Build.0 = Release|Any CPU
		{7BCB89EA-ABCB-4807-BA40-343C91AF0D38}.Release|Any CPU.Deploy.0 = Release|Any CPU
		{7BCB89EA-ABCB-4807-BA40-343C91AF0D38}.Release|iPhone.ActiveCfg = Release|Any CPU
		{7BCB89EA-ABCB-4807-BA40-343C91AF0D38}.Release|iPhone.Build.0 = Release|Any CPU
		{7BCB89EA-ABCB-4807-BA40-343C91AF0D38}.Release|iPhone.Deploy.0 = Release|Any CPU
		{7BCB89EA-ABCB-4807-BA40-343C91AF0D38}.Release|iPhoneSimulator.ActiveCfg = Release|Any CPU
		{7BCB89EA-ABCB-4807-BA40-343C91AF0D38}.Release|iPhoneSimulator.Build.0 = Release|Any CPU
		{7BCB89EA-ABCB-4807-BA40-343C91AF0D38}.Release|iPhoneSimulator.Deploy.0 = Release|Any CPU
		{87973AAA-A7DA-4B96-B992-E8DEE7E96B1B}.Debug|Any CPU.ActiveCfg = Debug|iPhone
		{87973AAA-A7DA-4B96-B992-E8DEE7E96B1B}.Debug|Any CPU.Build.0 = Debug|iPhone
		{87973AAA-A7DA-4B96-B992-E8DEE7E96B1B}.Debug|Any CPU.Deploy.0 = Debug|iPhone
		{87973AAA-A7DA-4B96-B992-E8DEE7E96B1B}.Debug|iPhone.ActiveCfg = Debug|iPhone
		{87973AAA-A7DA-4B96-B992-E8DEE7E96B1B}.Debug|iPhone.Build.0 = Debug|iPhone
		{87973AAA-A7DA-4B96-B992-E8DEE7E96B1B}.Debug|iPhone.Deploy.0 = Debug|iPhone
		{87973AAA-A7DA-4B96-B992-E8DEE7E96B1B}.Debug|iPhoneSimulator.ActiveCfg = Debug|iPhoneSimulator
		{87973AAA-A7DA-4B96-B992-E8DEE7E96B1B}.Debug|iPhoneSimulator.Build.0 = Debug|iPhoneSimulator
		{87973AAA-A7DA-4B96-B992-E8DEE7E96B1B}.Debug|iPhoneSimulator.Deploy.0 = Debug|iPhoneSimulator
		{87973AAA-A7DA-4B96-B992-E8DEE7E96B1B}.Release|Any CPU.ActiveCfg = Release|iPhoneSimulator
		{87973AAA-A7DA-4B96-B992-E8DEE7E96B1B}.Release|Any CPU.Build.0 = Release|iPhoneSimulator
		{87973AAA-A7DA-4B96-B992-E8DEE7E96B1B}.Release|Any CPU.Deploy.0 = Release|iPhoneSimulator
		{87973AAA-A7DA-4B96-B992-E8DEE7E96B1B}.Release|iPhone.ActiveCfg = Release|iPhone
		{87973AAA-A7DA-4B96-B992-E8DEE7E96B1B}.Release|iPhone.Build.0 = Release|iPhone
		{87973AAA-A7DA-4B96-B992-E8DEE7E96B1B}.Release|iPhone.Deploy.0 = Release|iPhone
		{87973AAA-A7DA-4B96-B992-E8DEE7E96B1B}.Release|iPhoneSimulator.ActiveCfg = Release|iPhoneSimulator
		{87973AAA-A7DA-4B96-B992-E8DEE7E96B1B}.Release|iPhoneSimulator.Build.0 = Release|iPhoneSimulator
		{87973AAA-A7DA-4B96-B992-E8DEE7E96B1B}.Release|iPhoneSimulator.Deploy.0 = Release|iPhoneSimulator
		{D49D48DF-56F3-44D9-A3A8-81D920D81057}.Debug|Any CPU.ActiveCfg = Debug|Any CPU
		{D49D48DF-56F3-44D9-A3A8-81D920D81057}.Debug|Any CPU.Build.0 = Debug|Any CPU
		{D49D48DF-56F3-44D9-A3A8-81D920D81057}.Debug|Any CPU.Deploy.0 = Debug|Any CPU
		{D49D48DF-56F3-44D9-A3A8-81D920D81057}.Debug|iPhone.ActiveCfg = Debug|Any CPU
		{D49D48DF-56F3-44D9-A3A8-81D920D81057}.Debug|iPhone.Build.0 = Debug|Any CPU
		{D49D48DF-56F3-44D9-A3A8-81D920D81057}.Debug|iPhone.Deploy.0 = Debug|Any CPU
		{D49D48DF-56F3-44D9-A3A8-81D920D81057}.Debug|iPhoneSimulator.ActiveCfg = Debug|Any CPU
		{D49D48DF-56F3-44D9-A3A8-81D920D81057}.Debug|iPhoneSimulator.Build.0 = Debug|Any CPU
		{D49D48DF-56F3-44D9-A3A8-81D920D81057}.Debug|iPhoneSimulator.Deploy.0 = Debug|Any CPU
		{D49D48DF-56F3-44D9-A3A8-81D920D81057}.Release|Any CPU.ActiveCfg = Release|Any CPU
		{D49D48DF-56F3-44D9-A3A8-81D920D81057}.Release|Any CPU.Build.0 = Release|Any CPU
		{D49D48DF-56F3-44D9-A3A8-81D920D81057}.Release|Any CPU.Deploy.0 = Release|Any CPU
		{D49D48DF-56F3-44D9-A3A8-81D920D81057}.Release|iPhone.ActiveCfg = Release|Any CPU
		{D49D48DF-56F3-44D9-A3A8-81D920D81057}.Release|iPhone.Build.0 = Release|Any CPU
		{D49D48DF-56F3-44D9-A3A8-81D920D81057}.Release|iPhone.Deploy.0 = Release|Any CPU
		{D49D48DF-56F3-44D9-A3A8-81D920D81057}.Release|iPhoneSimulator.ActiveCfg = Release|Any CPU
		{D49D48DF-56F3-44D9-A3A8-81D920D81057}.Release|iPhoneSimulator.Build.0 = Release|Any CPU
		{D49D48DF-56F3-44D9-A3A8-81D920D81057}.Release|iPhoneSimulator.Deploy.0 = Release|Any CPU
	EndGlobalSection
	GlobalSection(SolutionProperties) = preSolution
		HideSolutionNode = FALSE
	EndGlobalSection
	GlobalSection(ExtensibilityGlobals) = postSolution
		SolutionGuid = {A573E5D1-E1F6-48B5-ACFE-B47639BC16CD}
	EndGlobalSection
EndGlobal
